
Microsoft Visual Studio Solution File, Format Version 12.00
# Visual Studio 2015
Project("{FAE04EC0-301F-11D3-BF4B-00C04F79EFBC}") = "Poker GTO.CSharp", "Poker GTO.CSharp.csproj", "{761E958F-1C3E-F93B-B4A6-9C889AAB713B}"
EndProject
Global
	GlobalSection(SolutionConfigurationPlatforms) = preSolution
		Debug|Any CPU = Debug|Any CPU
		Release|Any CPU = Release|Any CPU
	EndGlobalSection
	GlobalSection(ProjectConfigurationPlatforms) = postSolution
		{761E958F-1C3E-F93B-B4A6-9C889AAB713B}.Debug|Any CPU.ActiveCfg = Debug|Any CPU
		{761E958F-1C3E-F93B-B4A6-9C889AAB713B}.Debug|Any CPU.Build.0 = Debug|Any CPU
		{761E958F-1C3E-F93B-B4A6-9C889AAB713B}.Release|Any CPU.ActiveCfg = Release|Any CPU
		{761E958F-1C3E-F93B-B4A6-9C889AAB713B}.Release|Any CPU.Build.0 = Release|Any CPU
	EndGlobalSection
	GlobalSection(SolutionProperties) = preSolution
		HideSolutionNode = FALSE
	EndGlobalSection
EndGlobal
